
Microsoft Visual Studio Solution File, Format Version 12.00
# Visual Studio 15
VisualStudioVersion = 15.0.28307.168
MinimumVisualStudioVersion = 10.0.40219.1
Project("{FAE04EC0-301F-11D3-BF4B-00C04F79EFBC}") = "DemoWebAPI", "DemoWebAPI\DemoWebAPI.csproj", "{5B2571FB-7A26-45D9-8125-BA218DB1B8C1}"
EndProject
Project("{FAE04EC0-301F-11D3-BF4B-00C04F79EFBC}") = "DemoConsoleApp", "DemoConsoleApp\DemoConsoleApp.csproj", "{9894EAC4-C02D-4B1F-9CF6-DA522A229E38}"
EndProject
Project("{FAE04EC0-301F-11D3-BF4B-00C04F79EFBC}") = "DemoAzureBlob", "DemoAzureBlob\DemoAzureBlob.csproj", "{56C14F6C-68A3-479D-809A-4867A06C439E}"
EndProject
Global
	GlobalSection(SolutionConfigurationPlatforms) = preSolution
		Debug|Any CPU = Debug|Any CPU
		Release|Any CPU = Release|Any CPU
	EndGlobalSection
	GlobalSection(ProjectConfigurationPlatforms) = postSolution
		{5B2571FB-7A26-45D9-8125-BA218DB1B8C1}.Debug|Any CPU.ActiveCfg = Debug|Any CPU
		{5B2571FB-7A26-45D9-8125-BA218DB1B8C1}.Debug|Any CPU.Build.0 = Debug|Any CPU
		{5B2571FB-7A26-45D9-8125-BA218DB1B8C1}.Release|Any CPU.ActiveCfg = Release|Any CPU
		{5B2571FB-7A26-45D9-8125-BA218DB1B8C1}.Release|Any CPU.Build.0 = Release|Any CPU
		{9894EAC4-C02D-4B1F-9CF6-DA522A229E38}.Debug|Any CPU.ActiveCfg = Debug|Any CPU
		{9894EAC4-C02D-4B1F-9CF6-DA522A229E38}.Debug|Any CPU.Build.0 = Debug|Any CPU
		{9894EAC4-C02D-4B1F-9CF6-DA522A229E38}.Release|Any CPU.ActiveCfg = Release|Any CPU
		{9894EAC4-C02D-4B1F-9CF6-DA522A229E38}.Release|Any CPU.Build.0 = Release|Any CPU
		{56C14F6C-68A3-479D-809A-4867A06C439E}.Debug|Any CPU.ActiveCfg = Debug|Any CPU
		{56C14F6C-68A3-479D-809A-4867A06C439E}.Debug|Any CPU.Build.0 = Debug|Any CPU
		{56C14F6C-68A3-479D-809A-4867A06C439E}.Release|Any CPU.ActiveCfg = Release|Any CPU
		{56C14F6C-68A3-479D-809A-4867A06C439E}.Release|Any CPU.Build.0 = Release|Any CPU
	EndGlobalSection
	GlobalSection(SolutionProperties) = preSolution
		HideSolutionNode = FALSE
	EndGlobalSection
	GlobalSection(ExtensibilityGlobals) = postSolution
		SolutionGuid = {BF10DDD9-052E-41CA-8E2E-8EA805A5C7F2}
	EndGlobalSection
EndGlobal
